
Microsoft Visual Studio Solution File, Format Version 12.00
# Visual Studio Version 16
VisualStudioVersion = 16.0.29326.143
MinimumVisualStudioVersion = 10.0.40219.1
Project("{FAE04EC0-301F-11D3-BF4B-00C04F79EFBC}") = "Piljetter", "Piljetter.csproj", "{42F946E2-126C-460E-87B8-9BBC7039111D}"
EndProject
Global
	GlobalSection(SolutionConfigurationPlatforms) = preSolution
		Debug|Any CPU = Debug|Any CPU
		Release|Any CPU = Release|Any CPU
	EndGlobalSection
	GlobalSection(ProjectConfigurationPlatforms) = postSolution
		{42F946E2-126C-460E-87B8-9BBC7039111D}.Debug|Any CPU.ActiveCfg = Debug|Any CPU
		{42F946E2-126C-460E-87B8-9BBC7039111D}.Debug|Any CPU.Build.0 = Debug|Any CPU
		{42F946E2-126C-460E-87B8-9BBC7039111D}.Release|Any CPU.ActiveCfg = Release|Any CPU
		{42F946E2-126C-460E-87B8-9BBC7039111D}.Release|Any CPU.Build.0 = Release|Any CPU
	EndGlobalSection
	GlobalSection(SolutionProperties) = preSolution
		HideSolutionNode = FALSE
	EndGlobalSection
	GlobalSection(ExtensibilityGlobals) = postSolution
		SolutionGuid = {BDBFE1B7-2264-4F64-A9B2-78110F7B40F5}
	EndGlobalSection
EndGlobal
